
Microsoft Visual Studio Solution File, Format Version 12.00
# Visual Studio Version 17
VisualStudioVersion = 17.8.34309.116
MinimumVisualStudioVersion = 10.0.40219.1
Project("{FAE04EC0-301F-11D3-BF4B-00C04F79EFBC}") = "GUI", "GUI\GUI.csproj", "{C5AAF05E-9227-44E0-9261-780639266D96}"
EndProject
Project("{FAE04EC0-301F-11D3-BF4B-00C04F79EFBC}") = "BUS", "BUS\BUS.csproj", "{FA68DC1D-D837-4821-98B4-147E5948610E}"
EndProject
Project("{FAE04EC0-301F-11D3-BF4B-00C04F79EFBC}") = "DAL", "DAL\DAL.csproj", "{A4064D3F-5120-4517-8999-E169AC2B9F54}"
EndProject
Project("{FAE04EC0-301F-11D3-BF4B-00C04F79EFBC}") = "DTO", "DTO\DTO.csproj", "{0201F668-FCD9-4D08-86B2-C3B9944026FE}"
EndProject
Global
	GlobalSection(SolutionConfigurationPlatforms) = preSolution
		Debug|Any CPU = Debug|Any CPU
		Release|Any CPU = Release|Any CPU
	EndGlobalSection
	GlobalSection(ProjectConfigurationPlatforms) = postSolution
		{C5AAF05E-9227-44E0-9261-780639266D96}.Debug|Any CPU.ActiveCfg = Debug|Any CPU
		{C5AAF05E-9227-44E0-9261-780639266D96}.Debug|Any CPU.Build.0 = Debug|Any CPU
		{C5AAF05E-9227-44E0-9261-780639266D96}.Release|Any CPU.ActiveCfg = Release|Any CPU
		{C5AAF05E-9227-44E0-9261-780639266D96}.Release|Any CPU.Build.0 = Release|Any CPU
		{FA68DC1D-D837-4821-98B4-147E5948610E}.Debug|Any CPU.ActiveCfg = Debug|Any CPU
		{FA68DC1D-D837-4821-98B4-147E5948610E}.Debug|Any CPU.Build.0 = Debug|Any CPU
		{FA68DC1D-D837-4821-98B4-147E5948610E}.Release|Any CPU.ActiveCfg = Release|Any CPU
		{FA68DC1D-D837-4821-98B4-147E5948610E}.Release|Any CPU.Build.0 = Release|Any CPU
		{A4064D3F-5120-4517-8999-E169AC2B9F54}.Debug|Any CPU.ActiveCfg = Debug|Any CPU
		{A4064D3F-5120-4517-8999-E169AC2B9F54}.Debug|Any CPU.Build.0 = Debug|Any CPU
		{A4064D3F-5120-4517-8999-E169AC2B9F54}.Release|Any CPU.ActiveCfg = Release|Any CPU
		{A4064D3F-5120-4517-8999-E169AC2B9F54}.Release|Any CPU.Build.0 = Release|Any CPU
		{0201F668-FCD9-4D08-86B2-C3B9944026FE}.Debug|Any CPU.ActiveCfg = Debug|Any CPU
		{0201F668-FCD9-4D08-86B2-C3B9944026FE}.Debug|Any CPU.Build.0 = Debug|Any CPU
		{0201F668-FCD9-4D08-86B2-C3B9944026FE}.Release|Any CPU.ActiveCfg = Release|Any CPU
		{0201F668-FCD9-4D08-86B2-C3B9944026FE}.Release|Any CPU.Build.0 = Release|Any CPU
	EndGlobalSection
	GlobalSection(SolutionProperties) = preSolution
		HideSolutionNode = FALSE
	EndGlobalSection
	GlobalSection(ExtensibilityGlobals) = postSolution
		SolutionGuid = {7FCA4A40-A5AD-4A9F-87A7-913CE2923E74}
	EndGlobalSection
EndGlobal
